[[package]]
category = "main"
description = "Abseil Python Common Libraries, see https://github.com/abseil/abseil-py."
name = "absl-py"
optional = false
python-versions = "*"
version = "0.8.1"

[package.dependencies]
six = "*"

[[package]]
category = "main"
description = "Read/rewrite/write Python ASTs"
name = "astor"
optional = false
python-versions = ">=2.7, !=3.0.*, !=3.1.*, !=3.2.*, !=3.3.*"
version = "0.8.0"

[[package]]
category = "dev"
description = "An abstract syntax tree for Python with inference support."
name = "astroid"
optional = false
python-versions = ">=3.5.*"
version = "2.3.3"

[package.dependencies]
lazy-object-proxy = ">=1.4.0,<1.5.0"
six = ">=1.12,<2.0"
wrapt = ">=1.11.0,<1.12.0"

[package.dependencies.typed-ast]
python = "<3.8"
version = ">=1.4.0,<1.5"

[[package]]
category = "dev"
description = "Atomic file writes."
name = "atomicwrites"
optional = false
python-versions = ">=2.7, !=3.0.*, !=3.1.*, !=3.2.*, !=3.3.*"
version = "1.3.0"

[[package]]
category = "dev"
description = "Classes Without Boilerplate"
name = "attrs"
optional = false
python-versions = ">=2.7, !=3.0.*, !=3.1.*, !=3.2.*, !=3.3.*"
version = "19.3.0"

[package.extras]
azure-pipelines = ["coverage", "hypothesis", "pympler", "pytest (>=4.3.0)", "six", "zope.interface", "pytest-azurepipelines"]
dev = ["coverage", "hypothesis", "pympler", "pytest (>=4.3.0)", "six", "zope.interface", "sphinx", "pre-commit"]
docs = ["sphinx", "zope.interface"]
tests = ["coverage", "hypothesis", "pympler", "pytest (>=4.3.0)", "six", "zope.interface"]

[[package]]
category = "dev"
description = "A tool that automatically formats Python code to conform to the PEP 8 style guide"
name = "autopep8"
optional = false
python-versions = "*"
version = "1.4.4"

[package.dependencies]
pycodestyle = ">=2.4.0"

[[package]]
category = "main"
description = "Backport of new features in Python's weakref module"
name = "backports.weakref"
optional = false
python-versions = "*"
version = "1.0.post1"

[[package]]
category = "main"
description = "Foreign Function Interface for Python calling C code."
marker = "sys_platform == \"win32\" and platform_python_implementation == \"CPython\""
name = "cffi"
optional = false
python-versions = "*"
version = "1.13.2"

[package.dependencies]
pycparser = "*"

[[package]]
category = "main"
description = "Composable command line interface toolkit"
name = "click"
optional = false
python-versions = ">=2.7, !=3.0.*, !=3.1.*, !=3.2.*, !=3.3.*"
version = "7.0"

[[package]]
category = "dev"
description = "Cross-platform colored terminal text."
marker = "sys_platform == \"win32\""
name = "colorama"
optional = false
python-versions = ">=2.7, !=3.0.*, !=3.1.*, !=3.2.*, !=3.3.*"
version = "0.4.1"

[[package]]
category = "main"
description = "Python 3.4 Enum backported to 3.3, 3.2, 3.1, 2.7, 2.6, 2.5, and 2.4"
name = "enum34"
optional = false
python-versions = "*"
version = "1.1.6"

[[package]]
category = "main"
description = "A simple framework for building complex web applications."
name = "flask"
optional = false
python-versions = ">=2.7, !=3.0.*, !=3.1.*, !=3.2.*, !=3.3.*, !=3.4.*"
version = "1.1.1"

[package.dependencies]
Jinja2 = ">=2.10.1"
Werkzeug = ">=0.15"
click = ">=5.1"
itsdangerous = ">=0.24"

[package.extras]
dev = ["pytest", "coverage", "tox", "sphinx", "pallets-sphinx-themes", "sphinxcontrib-log-cabinet", "sphinx-issues"]
docs = ["sphinx", "pallets-sphinx-themes", "sphinxcontrib-log-cabinet", "sphinx-issues"]
dotenv = ["python-dotenv"]

[[package]]
category = "main"
description = "A Flask extension adding a decorator for CORS support"
name = "flask-cors"
optional = false
python-versions = "*"
version = "3.0.8"

[package.dependencies]
Flask = ">=0.9"
Six = "*"

[[package]]
category = "main"
description = "Python AST that abstracts the underlying Python version"
name = "gast"
optional = false
python-versions = ">=2.7, !=3.0.*, !=3.1.*, !=3.2.*, !=3.3.*"
version = "0.3.2"

[[package]]
category = "main"
description = "Coroutine-based network library"
name = "gevent"
optional = false
python-versions = ">=2.7,!=3.0.*,!=3.1.*,!=3.2.*,!=3.3.*"
version = "1.4.0"

[package.dependencies]
cffi = ">=1.11.5"
greenlet = ">=0.4.14"

[package.extras]
dnspython = ["dnspython", "idna"]
doc = ["repoze.sphinx.autointerface"]
events = ["zope.event", "zope.interface"]
test = ["zope.interface", "zope.event", "requests", "objgraph", "psutil", "futures", "mock", "coverage (>=5.0a3)", "coveralls (>=1.0)"]

[[package]]
category = "main"
description = "pasta is an AST-based Python refactoring library"
name = "google-pasta"
optional = false
python-versions = "*"
version = "0.1.8"

[package.dependencies]
six = "*"

[[package]]
category = "main"
description = "Lightweight in-process concurrent programming"
marker = "platform_python_implementation == \"CPython\""
name = "greenlet"
optional = false
python-versions = "*"
version = "0.4.15"

[[package]]
category = "main"
description = "HTTP/2-based RPC framework"
name = "grpcio"
optional = false
python-versions = "*"
version = "1.25.0"

[package.dependencies]
six = ">=1.5.2"

[[package]]
category = "main"
description = "Read and write HDF5 files from Python"
name = "h5py"
optional = false
python-versions = "*"
version = "2.10.0"

[package.dependencies]
numpy = ">=1.7"
six = "*"

[[package]]
category = "dev"
description = "Read metadata from Python packages"
marker = "python_version < \"3.8\""
name = "importlib-metadata"
optional = false
python-versions = ">=2.7,!=3.0,!=3.1,!=3.2,!=3.3,!=3.4"
version = "1.1.0"

[package.dependencies]
zipp = ">=0.5"

[package.extras]
docs = ["sphinx", "rst.linker"]
testing = ["packaging", "importlib-resources"]

[[package]]
category = "dev"
description = "A Python utility / library to sort Python imports."
name = "isort"
optional = false
python-versions = ">=2.7, !=3.0.*, !=3.1.*, !=3.2.*, !=3.3.*"
version = "4.3.21"

[package.extras]
pipfile = ["pipreqs", "requirementslib"]
pyproject = ["toml"]
requirements = ["pipreqs", "pip-api"]
xdg_home = ["appdirs (>=1.4.0)"]

[[package]]
category = "main"
description = "Various helpers to pass data to untrusted environments and back."
name = "itsdangerous"
optional = false
python-versions = ">=2.7, !=3.0.*, !=3.1.*, !=3.2.*, !=3.3.*"
version = "1.1.0"

[[package]]
category = "main"
description = "A very fast and expressive template engine."
name = "jinja2"
optional = false
python-versions = "*"
version = "2.10.3"

[package.dependencies]
MarkupSafe = ">=0.23"

[package.extras]
i18n = ["Babel (>=0.8)"]

[[package]]
category = "main"
description = "Reference implementations of popular deep learning models"
name = "keras-applications"
optional = false
python-versions = "*"
version = "1.0.8"

[package.dependencies]
h5py = "*"
numpy = ">=1.9.1"

[package.extras]
tests = ["pytest", "pytest-pep8", "pytest-xdist", "pytest-cov"]

[[package]]
category = "main"
description = "Easy data preprocessing and data augmentation for deep learning models"
name = "keras-preprocessing"
optional = false
python-versions = "*"
version = "1.1.0"

[package.dependencies]
numpy = ">=1.9.1"
six = ">=1.9.0"

[package.extras]
image = ["scipy (>=0.14)", "Pillow (>=5.2.0)"]
pep8 = ["flake8"]
tests = ["pandas", "pillow", "tensorflow (1.7)", "keras", "pytest", "pytest-xdist", "pytest-cov"]

[[package]]
category = "dev"
description = "A fast and thorough lazy object proxy."
name = "lazy-object-proxy"
optional = false
python-versions = ">=2.7, !=3.0.*, !=3.1.*, !=3.2.*, !=3.3.*"
version = "1.4.3"

[[package]]
category = "main"
description = "Python implementation of Markdown."
name = "markdown"
optional = false
python-versions = ">=2.7,!=3.0.*,!=3.1.*,!=3.2.*,!=3.3.*,!=3.4.*"
version = "3.1.1"

[package.dependencies]
setuptools = ">=36"

[package.extras]
testing = ["coverage", "pyyaml"]

[[package]]
category = "main"
description = "Safely add untrusted strings to HTML/XML markup."
name = "markupsafe"
optional = false
python-versions = ">=2.7,!=3.0.*,!=3.1.*,!=3.2.*,!=3.3.*"
version = "1.1.1"

[[package]]
category = "dev"
description = "McCabe checker, plugin for flake8"
name = "mccabe"
optional = false
python-versions = "*"
version = "0.6.1"

[[package]]
category = "main"
description = "Rolling backport of unittest.mock for all Pythons"
name = "mock"
optional = false
python-versions = ">=2.7, !=3.0.*, !=3.1.*, !=3.2.*, !=3.3.*"
version = "3.0.5"

[package.dependencies]
six = "*"

[package.extras]
build = ["twine", "wheel", "blurb"]
docs = ["sphinx"]
test = ["pytest", "pytest-cov"]

[[package]]
category = "dev"
description = "More routines for operating on iterables, beyond itertools"
name = "more-itertools"
optional = false
python-versions = ">=3.5"
version = "8.0.0"

[[package]]
category = "main"
description = "NumPy is the fundamental package for array computing with Python."
name = "numpy"
optional = false
python-versions = ">=3.5"
version = "1.17.4"

[[package]]
category = "dev"
description = "plugin and hook calling mechanisms for python"
name = "pluggy"
optional = false
python-versions = ">=2.7, !=3.0.*, !=3.1.*, !=3.2.*, !=3.3.*"
version = "0.13.1"

[package.dependencies]
[package.dependencies.importlib-metadata]
python = "<3.8"
version = ">=0.12"

[package.extras]
dev = ["pre-commit", "tox"]

[[package]]
category = "main"
description = "Text progress bar library for Python."
name = "progressbar"
optional = false
python-versions = "*"
version = "2.5"

[[package]]
category = "main"
description = "Protocol Buffers"
name = "protobuf"
optional = false
python-versions = "*"
version = "3.11.1"

[package.dependencies]
setuptools = "*"
six = ">=1.9"

[[package]]
category = "dev"
description = "library with cross-python path, ini-parsing, io, code, log facilities"
name = "py"
optional = false
python-versions = ">=2.7, !=3.0.*, !=3.1.*, !=3.2.*, !=3.3.*"
version = "1.8.0"

[[package]]
category = "dev"
description = "Python style guide checker"
name = "pycodestyle"
optional = false
python-versions = ">=2.7, !=3.0.*, !=3.1.*, !=3.2.*, !=3.3.*"
version = "2.5.0"

[[package]]
category = "main"
description = "C parser in Python"
marker = "sys_platform == \"win32\" and platform_python_implementation == \"CPython\""
name = "pycparser"
optional = false
python-versions = ">=2.7, !=3.0.*, !=3.1.*, !=3.2.*, !=3.3.*"
version = "2.19"

[[package]]
category = "dev"
description = "python code static checker"
name = "pylint"
optional = false
python-versions = ">=3.5.*"
version = "2.4.4"

[package.dependencies]
astroid = ">=2.3.0,<2.4"
colorama = "*"
isort = ">=4.2.5,<5"
mccabe = ">=0.6,<0.7"

[[package]]
category = "dev"
description = "pytest: simple powerful testing with Python"
name = "pytest"
optional = false
python-versions = ">=2.7, !=3.0.*, !=3.1.*, !=3.2.*, !=3.3.*"
version = "3.10.1"

[package.dependencies]
atomicwrites = ">=1.0"
attrs = ">=17.4.0"
colorama = "*"
more-itertools = ">=4.0.0"
pluggy = ">=0.7"
py = ">=1.5.0"
setuptools = "*"
six = ">=1.10.0"

[[package]]
category = "main"
description = "SciPy: Scientific Library for Python"
name = "scipy"
optional = false
python-versions = ">=3.5"
version = "1.3.3"

[package.dependencies]
numpy = ">=1.13.3"

[[package]]
category = "main"
description = "Python 2 and 3 compatibility utilities"
name = "six"
optional = false
python-versions = ">=2.6, !=3.0.*, !=3.1.*"
version = "1.13.0"

[[package]]
category = "main"
description = "TensorBoard lets you watch Tensors Flow"
name = "tensorboard"
optional = false
python-versions = ">= 2.7, != 3.0.*, != 3.1.*"
version = "1.14.0"

[package.dependencies]
absl-py = ">=0.4"
grpcio = ">=1.6.3"
markdown = ">=2.6.8"
numpy = ">=1.12.0"
protobuf = ">=3.6.0"
setuptools = ">=41.0.0"
six = ">=1.10.0"
werkzeug = ">=0.11.15"

[package.dependencies.wheel]
python = ">=3"
version = ">=0.26"

[[package]]
category = "main"
description = "TensorFlow is an open source machine learning framework for everyone."
name = "tensorflow"
optional = false
python-versions = "*"
version = "1.14.0"

[package.dependencies]
absl-py = ">=0.7.0"
astor = ">=0.6.0"
"backports.weakref" = ">=1.0rc1"
enum34 = ">=1.1.6"
gast = ">=0.2.0"
google-pasta = ">=0.1.6"
grpcio = ">=1.8.6"
keras-applications = ">=1.0.6"
keras-preprocessing = ">=1.0.5"
mock = ">=2.0.0"
numpy = ">=1.14.5,<2.0"
protobuf = ">=3.6.1"
six = ">=1.10.0"
tensorboard = ">=1.14.0,<1.15.0"
tensorflow-estimator = ">=1.14.0rc0,<1.15.0rc0"
termcolor = ">=1.1.0"
wheel = "*"
wrapt = ">=1.11.1"

[[package]]
category = "main"
description = "TensorFlow Estimator."
name = "tensorflow-estimator"
optional = false
python-versions = "*"
version = "1.14.0"

[[package]]
category = "main"
description = "ANSII Color formatting for output in terminal."
name = "termcolor"
optional = false
python-versions = "*"
version = "1.1.0"

[[package]]
category = "dev"
description = "a fork of Python 2 and 3 ast modules with type comment support"
marker = "implementation_name == \"cpython\" and python_version < \"3.8\""
name = "typed-ast"
optional = false
python-versions = "*"
version = "1.4.0"

[[package]]
category = "main"
description = "The comprehensive WSGI web application library."
name = "werkzeug"
optional = false
python-versions = ">=2.7, !=3.0.*, !=3.1.*, !=3.2.*, !=3.3.*"
version = "0.16.0"

[package.extras]
dev = ["pytest", "coverage", "tox", "sphinx", "pallets-sphinx-themes", "sphinx-issues"]
termcolor = ["termcolor"]
watchdog = ["watchdog"]

[[package]]
category = "main"
description = "A built-package format for Python."
name = "wheel"
optional = false
python-versions = ">=2.7, !=3.0.*, !=3.1.*, !=3.2.*, !=3.3.*"
version = "0.33.6"

[package.extras]
test = ["pytest (>=3.0.0)", "pytest-cov"]

[[package]]
category = "main"
description = "Module for decorators, wrappers and monkey patching."
name = "wrapt"
optional = false
python-versions = "*"
version = "1.11.2"

[[package]]
category = "dev"
description = "Backport of pathlib-compatible object wrapper for zip files"
marker = "python_version < \"3.8\""
name = "zipp"
optional = false
python-versions = ">=2.7"
version = "0.6.0"

[package.dependencies]
more-itertools = "*"

[package.extras]
docs = ["sphinx", "jaraco.packaging (>=3.2)", "rst.linker (>=1.9)"]
testing = ["pathlib2", "contextlib2", "unittest2"]

[metadata]
content-hash = "05286181b998288631e796d4e6743f7538f9422d194fc55c65ca890cf2ae14ec"
python-versions = "^3.6"

[metadata.hashes]
absl-py = ["d9129186431e150d7fe455f1cb1ecbb92bb5dba9da9bc3ef7b012d98c4db2526"]
astor = ["0e41295809baf43ae8303350e031aff81ae52189b6f881f36d623fa8b2f1960e", "37a6eed8b371f1228db08234ed7f6cfdc7817a3ed3824797e20cbb11dc2a7862"]
astroid = ["71ea07f44df9568a75d0f354c49143a4575d90645e9fead6dfb52c26a85ed13a", "840947ebfa8b58f318d42301cf8c0a20fd794a33b61cc4638e28e9e61ba32f42"]
atomicwrites = ["03472c30eb2c5d1ba9227e4c2ca66ab8287fbfbbda3888aa93dc2e28fc6811b4", "75a9445bac02d8d058d5e1fe689654ba5a6556a1dfd8ce6ec55a0ed79866cfa6"]
attrs = ["08a96c641c3a74e44eb59afb61a24f2cb9f4d7188748e76ba4bb5edfa3cb7d1c", "f7b7ce16570fe9965acd6d30101a28f62fb4a7f9e926b3bbc9b61f8b04247e72"]
autopep8 = ["4d8eec30cc81bc5617dbf1218201d770dc35629363547f17577c61683ccfb3ee"]
"backports.weakref" = ["81bc9b51c0abc58edc76aefbbc68c62a787918ffe943a37947e162c3f8e19e82", "bc4170a29915f8b22c9e7c4939701859650f2eb84184aee80da329ac0b9825c2"]
cffi = ["0b49274afc941c626b605fb59b59c3485c17dc776dc3cc7cc14aca74cc19cc42", "0e3ea92942cb1168e38c05c1d56b0527ce31f1a370f6117f1d490b8dcd6b3a04", "135f69aecbf4517d5b3d6429207b2dff49c876be724ac0c8bf8e1ea99df3d7e5", "19db0cdd6e516f13329cba4903368bff9bb5a9331d3410b1b448daaadc495e54", "2781e9ad0e9d47173c0093321bb5435a9dfae0ed6a762aabafa13108f5f7b2ba", "291f7c42e21d72144bb1c1b2e825ec60f46d0a7468f5346841860454c7aa8f57", "2c5e309ec482556397cb21ede0350c5e82f0eb2621de04b2633588d118da4396", "2e9c80a8c3344a92cb04661115898a9129c074f7ab82011ef4b612f645939f12", "32a262e2b90ffcfdd97c7a5e24a6012a43c61f1f5a57789ad80af1d26c6acd97", "3c9fff570f13480b201e9ab69453108f6d98244a7f495e91b6c654a47486ba43", "415bdc7ca8c1c634a6d7163d43fb0ea885a07e9618a64bda407e04b04333b7db", "42194f54c11abc8583417a7cf4eaff544ce0de8187abaf5d29029c91b1725ad3", "4424e42199e86b21fc4db83bd76909a6fc2a2aefb352cb5414833c030f6ed71b", "4a43c91840bda5f55249413037b7a9b79c90b1184ed504883b72c4df70778579", "599a1e8ff057ac530c9ad1778293c665cb81a791421f46922d80a86473c13346", "5c4fae4e9cdd18c82ba3a134be256e98dc0596af1e7285a3d2602c97dcfa5159", "5ecfa867dea6fabe2a58f03ac9186ea64da1386af2159196da51c4904e11d652", "62f2578358d3a92e4ab2d830cd1c2049c9c0d0e6d3c58322993cc341bdeac22e", "6471a82d5abea994e38d2c2abc77164b4f7fbaaf80261cb98394d5793f11b12a", "6d4f18483d040e18546108eb13b1dfa1000a089bcf8529e30346116ea6240506", "71a608532ab3bd26223c8d841dde43f3516aa5d2bf37b50ac410bb5e99053e8f", "74a1d8c85fb6ff0b30fbfa8ad0ac23cd601a138f7509dc617ebc65ef305bb98d", "7b93a885bb13073afb0aa73ad82059a4c41f4b7d8eb8368980448b52d4c7dc2c", "7d4751da932caaec419d514eaa4215eaf14b612cff66398dd51129ac22680b20", "7f627141a26b551bdebbc4855c1157feeef18241b4b8366ed22a5c7d672ef858", "8169cf44dd8f9071b2b9248c35fc35e8677451c52f795daa2bb4643f32a540bc", "aa00d66c0fab27373ae44ae26a66a9e43ff2a678bf63a9c7c1a9a4d61172827a", "ccb032fda0873254380aa2bfad2582aedc2959186cce61e3a17abc1a55ff89c3", "d754f39e0d1603b5b24a7f8484b22d2904fa551fe865fd0d4c3332f078d20d4e", "d75c461e20e29afc0aee7172a0950157c704ff0dd51613506bd7d82b718e7410", "dcd65317dd15bc0451f3e01c80da2216a31916bdcffd6221ca1202d96584aa25", "e570d3ab32e2c2861c4ebe6ffcad6a8abf9347432a37608fe1fbd157b3f0036b", "fd43a88e045cf992ed09fa724b5315b790525f2676883a6ea64e3263bae6549d"]
click = ["2335065e6395b9e67ca716de5f7526736bfa6ceead690adf616d925bdc622b13", "5b94b49521f6456670fdb30cd82a4eca9412788a93fa6dd6df72c94d5a8ff2d7"]
colorama = ["05eed71e2e327246ad6b38c540c4a3117230b19679b875190486ddd2d721422d", "f8ac84de7840f5b9c4e3347b3c1eaa50f7e49c2b07596221daec5edaabbd7c48"]
enum34 = ["2d81cbbe0e73112bdfe6ef8576f2238f2ba27dd0d55752a776c41d38b7da2850", "644837f692e5f550741432dd3f223bbb9852018674981b1664e5dc339387588a", "6bd0f6ad48ec2aa117d3d141940d484deccda84d4fcd884f5c3d93c23ecd8c79", "8ad8c4783bf61ded74527bffb48ed9b54166685e4230386a9ed9b1279e2df5b1"]
flask = ["13f9f196f330c7c2c5d7a5cf91af894110ca0215ac051b5844701f2bfd934d52", "45eb5a6fd193d6cf7e0cf5d8a5b31f83d5faae0293695626f539a823e93b13f6"]
flask-cors = ["72170423eb4612f0847318afff8c247b38bd516b7737adfc10d1c2cdbb382d16", "f4d97201660e6bbcff2d89d082b5b6d31abee04b1b3003ee073a6fd25ad1d69a"]
gast = ["5c7617f1f6c8b8b426819642b16b9016727ddaecd16af9a07753e537eba8a3a5"]
gevent = ["0774babec518a24d9a7231d4e689931f31b332c4517a771e532002614e270a64", "0e1e5b73a445fe82d40907322e1e0eec6a6745ca3cea19291c6f9f50117bb7ea", "0ff2b70e8e338cf13bedf146b8c29d475e2a544b5d1fe14045aee827c073842c", "107f4232db2172f7e8429ed7779c10f2ed16616d75ffbe77e0e0c3fcdeb51a51", "14b4d06d19d39a440e72253f77067d27209c67e7611e352f79fe69e0f618f76e", "1b7d3a285978b27b469c0ff5fb5a72bcd69f4306dbbf22d7997d83209a8ba917", "1eb7fa3b9bd9174dfe9c3b59b7a09b768ecd496debfc4976a9530a3e15c990d1", "2711e69788ddb34c059a30186e05c55a6b611cb9e34ac343e69cf3264d42fe1c", "28a0c5417b464562ab9842dd1fb0cc1524e60494641d973206ec24d6ec5f6909", "3249011d13d0c63bea72d91cec23a9cf18c25f91d1f115121e5c9113d753fa12", "44089ed06a962a3a70e96353c981d628b2d4a2f2a75ea5d90f916a62d22af2e8", "4bfa291e3c931ff3c99a349d8857605dca029de61d74c6bb82bd46373959c942", "50024a1ee2cf04645535c5ebaeaa0a60c5ef32e262da981f4be0546b26791950", "53b72385857e04e7faca13c613c07cab411480822ac658d97fd8a4ddbaf715c8", "74b7528f901f39c39cdbb50cdf08f1a2351725d9aebaef212a29abfbb06895ee", "7d0809e2991c9784eceeadef01c27ee6a33ca09ebba6154317a257353e3af922", "896b2b80931d6b13b5d9feba3d4eebc67d5e6ec54f0cf3339d08487d55d93b0e", "8d9ec51cc06580f8c21b41fd3f2b3465197ba5b23c00eb7d422b7ae0380510b0", "9f7a1e96fec45f70ad364e46de32ccacab4d80de238bd3c2edd036867ccd48ad", "ab4dc33ef0e26dc627559786a4fba0c2227f125db85d970abbf85b77506b3f51", "d1e6d1f156e999edab069d79d890859806b555ce4e4da5b6418616322f0a3df1", "d752bcf1b98174780e2317ada12013d612f05116456133a6acf3e17d43b71f05", "e5bcc4270671936349249d26140c267397b7b4b1381f5ec8b13c53c5b53ab6e1"]
google-pasta = ["41bbe63bab92408452585ff2e1673ec1e35b88e163371cbed2a18510be4e8bc5", "644dcf3784cf7147ab01de5dc22e60a638d219d4e4a3a7464eb98997ae2fe66f", "713813a9f7d6589e5defdaf21e80e4392eb124662f8bd829acd51a4f8735c0cb"]
greenlet = ["000546ad01e6389e98626c1367be58efa613fa82a1be98b0c6fc24b563acc6d0", "0d48200bc50cbf498716712129eef819b1729339e34c3ae71656964dac907c28", "23d12eacffa9d0f290c0fe0c4e81ba6d5f3a5b7ac3c30a5eaf0126bf4deda5c8", "37c9ba82bd82eb6a23c2e5acc03055c0e45697253b2393c9a50cef76a3985304", "51503524dd6f152ab4ad1fbd168fc6c30b5795e8c70be4410a64940b3abb55c0", "8041e2de00e745c0e05a502d6e6db310db7faa7c979b3a5877123548a4c0b214", "81fcd96a275209ef117e9ec91f75c731fa18dcfd9ffaa1c0adbdaa3616a86043", "853da4f9563d982e4121fed8c92eea1a4594a2299037b3034c3c898cb8e933d6", "8b4572c334593d449113f9dc8d19b93b7b271bdbe90ba7509eb178923327b625", "9416443e219356e3c31f1f918a91badf2e37acf297e2fa13d24d1cc2380f8fbc", "9854f612e1b59ec66804931df5add3b2d5ef0067748ea29dc60f0efdcda9a638", "99a26afdb82ea83a265137a398f570402aa1f2b5dfb4ac3300c026931817b163", "a19bf883b3384957e4a4a13e6bd1ae3d85ae87f4beb5957e35b0be287f12f4e4", "a9f145660588187ff835c55a7d2ddf6abfc570c2651c276d3d4be8a2766db490", "ac57fcdcfb0b73bb3203b58a14501abb7e5ff9ea5e2edfa06bb03035f0cff248", "bcb530089ff24f6458a81ac3fa699e8c00194208a724b644ecc68422e1111939", "beeabe25c3b704f7d56b573f7d2ff88fc99f0138e43480cecdfcaa3b87fe4f87", "d634a7ea1fc3380ff96f9e44d8d22f38418c1c381d5fac680b272d7d90883720", "d97b0661e1aead761f0ded3b769044bb00ed5d33e1ec865e891a8b128bf7c656"]
grpcio = ["0419ae5a45f49c7c40d9ae77ae4de9442431b7822851dfbbe56ee0eacb5e5654", "1e8631eeee0fb0b4230aeb135e4890035f6ef9159c2a3555fa184468e325691a", "24db2fa5438f3815a4edb7a189035051760ca6aa2b0b70a6a948b28bfc63c76b", "2adb1cdb7d33e91069517b41249622710a94a1faece1fed31cd36904e4201cde", "2cd51f35692b551aeb1fdeb7a256c7c558f6d78fcddff00640942d42f7aeba5f", "3247834d24964589f8c2b121b40cd61319b3c2e8d744a6a82008643ef8a378b1", "3433cb848b4209717722b62392e575a77a52a34d67c6730138102abc0a441685", "39671b7ff77a962bd745746d9d2292c8ed227c5748f16598d16d8631d17dd7e5", "40a0b8b2e6f6dd630f8b267eede2f40a848963d0f3c40b1b1f453a4a870f679e", "40f9a74c7aa210b3e76eb1c9d56aa8d08722b73426a77626967019df9bbac287", "423f76aa504c84cb94594fb88b8a24027c887f1c488cf58f2173f22f4fbd046c", "43bd04cec72281a96eb361e1b0232f0f542b46da50bcfe72ef7e5a1b41d00cb3", "43e38762635c09e24885d15e3a8e374b72d105d4178ee2cc9491855a8da9c380", "4413b11c2385180d7de03add6c8845dd66692b148d36e27ec8c9ef537b2553a1", "4450352a87094fd58daf468b04c65a9fa19ad11a0ac8ac7b7ff17d46f873cbc1", "49ffda04a6e44de028b3b786278ac9a70043e7905c3eea29eed88b6524d53a29", "4a38c4dde4c9120deef43aaabaa44f19186c98659ce554c29788c4071ab2f0a4", "50b1febdfd21e2144b56a9aa226829e93a79c354ef22a4e5b013d9965e1ec0ed", "559b1a3a8be7395ded2943ea6c2135d096f8cc7039d6d12127110b6496f251fe", "5de86c182667ec68cf84019aa0d8ceccf01d352cdca19bf9e373725204bdbf50", "5fc069bb481fe3fad0ba24d3baaf69e22dfa6cc1b63290e6dfeaf4ac1e996fb7", "6a19d654da49516296515d6f65de4bbcbd734bc57913b21a610cfc45e6df3ff1", "7535b3e52f498270e7877dde1c8944d6b7720e93e2e66b89c82a11447b5818f5", "7c4e495bcabc308198b8962e60ca12f53b27eb8f03a21ac1d2d711d6dd9ecfca", "8a8fc4a0220367cb8370cedac02272d574079ccc32bffbb34d53aaf9e38b5060", "8b008515e067232838daca020d1af628bf6520c8cc338bf383284efe6d8bd083", "8d1684258e1385e459418f3429e107eec5fb3d75e1f5a8c52e5946b3f329d6ea", "8eb5d54b87fb561dc2e00a5c5226c33ffe8dbc13f2e4033a412bafb7b37b194d", "94cdef0c61bd014bb7af495e21a1c3a369dd0399c3cd1965b1502043f5c88d94", "9d9f3be69c7a5e84c3549a8c4403fa9ac7672da456863d21e390b2bbf45ccad1", "9fb6fb5975a448169756da2d124a1beb38c0924ff6c0306d883b6848a9980f38", "a5eaae8700b87144d7dfb475aa4675e500ff707292caba3deff41609ddc5b845", "aaeac2d552772b76d24eaff67a5d2325bc5205c74c0d4f9fbe71685d4a971db2", "bb611e447559b3b5665e12a7da5160c0de6876097f62bf1d23ba66911564868e", "bc0d41f4eb07da8b8d3ea85e50b62f6491ab313834db86ae2345be07536a4e5a", "bf51051c129b847d1bb63a9b0826346b5f52fb821b15fe5e0d5ef86f268510f5", "c948c034d8997526011960db54f512756fb0b4be1b81140a15b4ef094c6594a4", "d435a01334157c3b126b4ee5141401d44bdc8440993b18b05e2f267a6647f92d", "d46c1f95672b73288e08cdca181e14e84c6229b5879561b7b8cfd48374e09287", "d5d58309b42064228b16b0311ff715d6c6e20230e81b35e8d0c8cfa1bbdecad8", "dc6e2e91365a1dd6314d615d80291159c7981928b88a4c65654e3fefac83a836", "e0dfb5f7a39029a6cbec23affa923b22a2c02207960fd66f109e01d6f632c1eb", "eb4bf58d381b1373bd21d50837a53953d625d1693f1b58fed12743c75d3dd321", "ebb211a85248dbc396b29320273c1ffde484b898852432613e8df0164c091006", "ec759ece4786ae993a5b7dc3b3dead6e9375d89a6c65dfd6860076d2eb2abe7b", "f55108397a8fa164268238c3e69cc134e945d1f693572a2f05a028b8d0d2b837", "f6c706866d424ff285b85a02de7bbe5ed0ace227766b2c42cbe12f3d9ea5a8aa", "f8370ad332b36fbad117440faf0dd4b910e80b9c49db5648afd337abdde9a1b6"]
h5py = ["063947eaed5f271679ed4ffa36bb96f57bc14f44dd4336a827d9a02702e6ce6b", "13c87efa24768a5e24e360a40e0bc4c49bcb7ce1bb13a3a7f9902cec302ccd36", "16ead3c57141101e3296ebeed79c9c143c32bdd0e82a61a2fc67e8e6d493e9d1", "3dad1730b6470fad853ef56d755d06bb916ee68a3d8272b3bab0c1ddf83bb99e", "51ae56894c6c93159086ffa2c94b5b3388c0400548ab26555c143e7cfa05b8e5", "54817b696e87eb9e403e42643305f142cd8b940fe9b3b490bbf98c3b8a894cf4", "549ad124df27c056b2e255ea1c44d30fb7a17d17676d03096ad5cd85edb32dc1", "6998be619c695910cb0effe5eb15d3a511d3d1a5d217d4bd0bebad1151ec2262", "6ef7ab1089e3ef53ca099038f3c0a94d03e3560e6aff0e9d6c64c55fb13fc681", "769e141512b54dee14ec76ed354fcacfc7d97fea5a7646b709f7400cf1838630", "79b23f47c6524d61f899254f5cd5e486e19868f1823298bc0c29d345c2447172", "7be5754a159236e95bd196419485343e2b5875e806fe68919e087b6351f40a70", "84412798925dc870ffd7107f045d7659e60f5d46d1c70c700375248bf6bf512d", "86868dc07b9cc8cb7627372a2e6636cdc7a53b7e2854ad020c9e9d8a4d3fd0f5", "8bb1d2de101f39743f91512a9750fb6c351c032e5cd3204b4487383e34da7f75", "a5f82cd4938ff8761d9760af3274acf55afc3c91c649c50ab18fcff5510a14a5", "aac4b57097ac29089f179bbc2a6e14102dd210618e94d77ee4831c65f82f17c0", "bffbc48331b4a801d2f4b7dac8a72609f0b10e6e516e5c480a3e3241e091c878", "c0d4b04bbf96c47b6d360cd06939e72def512b20a18a8547fa4af810258355d5", "c54a2c0dd4957776ace7f95879d81582298c5daf89e77fb8bee7378f132951de", "cbf28ae4b5af0f05aa6e7551cee304f1d317dbed1eb7ac1d827cee2f1ef97a99", "d3c59549f90a891691991c17f8e58c8544060fdf3ccdea267100fa5f561ff62f", "d7ae7a0576b06cb8e8a1c265a8bc4b73d05fdee6429bffc9a26a6eb531e79d72", "ecf4d0b56ee394a0984de15bceeb97cbe1fe485f1ac205121293fc44dcf3f31f", "f0e25bb91e7a02efccb50aba6591d3fe2c725479e34769802fcdd4076abfa917", "f23951a53d18398ef1344c186fb04b26163ca6ce449ebd23404b153fd111ded9", "ff7d241f866b718e4584fa95f520cb19405220c501bd3a53ee11871ba5166ea2"]
importlib-metadata = ["b044f07694ef14a6683b097ba56bd081dbc7cdc7c7fe46011e499dfecc082f21", "e6ac600a142cf2db707b1998382cc7fc3b02befb7273876e01b8ad10b9652742"]
isort = ["54da7e92468955c4fceacd0c86bd0ec997b0e1ee80d97f67c35a78b719dccab1", "6e811fcb295968434526407adb8796944f1988c5b65e8139058f2014cbe100fd"]
itsdangerous = ["321b033d07f2a4136d3ec762eac9f16a10ccd60f53c0c91af90217ace7ba1f19", "b12271b2047cb23eeb98c8b5622e2e5c5e9abd9784a153e9d8ef9cb4dd09d749"]
jinja2 = ["74320bb91f31270f9551d46522e33af46a80c3d619f4a4bf42b3164d30b5911f", "9fe95f19286cfefaa917656583d020be14e7859c6b0252588391e47db34527de"]
keras-applications = ["5579f9a12bcde9748f4a12233925a59b93b73ae6947409ff34aa2ba258189fe5", "df4323692b8c1174af821bf906f1e442e63fa7589bf0f1230a0b6bdc5a810c95"]
keras-preprocessing = ["44aee5f2c4d80c3b29f208359fcb336df80f293a0bb6b1c738da43ca206656fb", "5a8debe01d840de93d49e05ccf1c9b81ae30e210d34dacbcc47aeb3049b528e5"]
lazy-object-proxy = ["0c4b206227a8097f05c4dbdd323c50edf81f15db3b8dc064d08c62d37e1a504d", "194d092e6f246b906e8f70884e620e459fc54db3259e60cf69a4d66c3fda3449", "1be7e4c9f96948003609aa6c974ae59830a6baecc5376c25c92d7d697e684c08", "4677f594e474c91da97f489fea5b7daa17b5517190899cf213697e48d3902f5a", "48dab84ebd4831077b150572aec802f303117c8cc5c871e182447281ebf3ac50", "5541cada25cd173702dbd99f8e22434105456314462326f06dba3e180f203dfd", "59f79fef100b09564bc2df42ea2d8d21a64fdcda64979c0fa3db7bdaabaf6239", "8d859b89baf8ef7f8bc6b00aa20316483d67f0b1cbf422f5b4dc56701c8f2ffb", "9254f4358b9b541e3441b007a0ea0764b9d056afdeafc1a5569eee1cc6c1b9ea", "9651375199045a358eb6741df3e02a651e0330be090b3bc79f6d0de31a80ec3e", "97bb5884f6f1cdce0099f86b907aa41c970c3c672ac8b9c8352789e103cf3156", "9b15f3f4c0f35727d3a0fba4b770b3c4ebbb1fa907dbcc046a1d2799f3edd142", "a2238e9d1bb71a56cd710611a1614d1194dc10a175c1e08d75e1a7bcc250d442", "a6ae12d08c0bf9909ce12385803a543bfe99b95fe01e752536a60af2b7797c62", "ca0a928a3ddbc5725be2dd1cf895ec0a254798915fb3a36af0964a0a4149e3db", "cb2c7c57005a6804ab66f106ceb8482da55f5314b7fcb06551db1edae4ad1531", "d74bb8693bf9cf75ac3b47a54d716bbb1a92648d5f781fc799347cfc95952383", "d945239a5639b3ff35b70a88c5f2f491913eb94871780ebfabb2568bd58afc5a", "eba7011090323c1dadf18b3b689845fd96a61ba0a1dfbd7f24b921398affc357", "efa1909120ce98bbb3777e8b6f92237f5d5c8ea6758efea36a473e1d38f7d3e4", "f3900e8a5de27447acbf900b4750b0ddfd7ec1ea7fbaf11dfa911141bc522af0"]
markdown = ["2e50876bcdd74517e7b71f3e7a76102050edec255b3983403f1a63e7c8a41e7a", "56a46ac655704b91e5b7e6326ce43d5ef72411376588afa1dd90e881b83c7e8c"]
markupsafe = ["00bc623926325b26bb9605ae9eae8a215691f33cae5df11ca5424f06f2d1f473", "09027a7803a62ca78792ad89403b1b7a73a01c8cb65909cd876f7fcebd79b161", "09c4b7f37d6c648cb13f9230d847adf22f8171b1ccc4d5682398e77f40309235", "1027c282dad077d0bae18be6794e6b6b8c91d58ed8a8d89a89d59693b9131db5", "24982cc2533820871eba85ba648cd53d8623687ff11cbb805be4ff7b4c971aff", "29872e92839765e546828bb7754a68c418d927cd064fd4708fab9fe9c8bb116b", "43a55c2930bbc139570ac2452adf3d70cdbb3cfe5912c71cdce1c2c6bbd9c5d1", "46c99d2de99945ec5cb54f23c8cd5689f6d7177305ebff350a58ce5f8de1669e", "500d4957e52ddc3351cabf489e79c91c17f6e0899158447047588650b5e69183", "535f6fc4d397c1563d08b88e485c3496cf5784e927af890fb3c3aac7f933ec66", "62fe6c95e3ec8a7fad637b7f3d372c15ec1caa01ab47926cfdf7a75b40e0eac1", "6dd73240d2af64df90aa7c4e7481e23825ea70af4b4922f8ede5b9e35f78a3b1", "717ba8fe3ae9cc0006d7c451f0bb265ee07739daf76355d06366154ee68d221e", "79855e1c5b8da654cf486b830bd42c06e8780cea587384cf6545b7d9ac013a0b", "7c1699dfe0cf8ff607dbdcc1e9b9af1755371f92a68f706051cc8c37d447c905", "88e5fcfb52ee7b911e8bb6d6aa2fd21fbecc674eadd44118a9cc3863f938e735", "8defac2f2ccd6805ebf65f5eeb132adcf2ab57aa11fdf4c0dd5169a004710e7d", "98c7086708b163d425c67c7a91bad6e466bb99d797aa64f965e9d25c12111a5e", "9add70b36c5666a2ed02b43b335fe19002ee5235efd4b8a89bfcf9005bebac0d", "9bf40443012702a1d2070043cb6291650a0841ece432556f784f004937f0f32c", "ade5e387d2ad0d7ebf59146cc00c8044acbd863725f887353a10df825fc8ae21", "b00c1de48212e4cc9603895652c5c410df699856a2853135b3967591e4beebc2", "b1282f8c00509d99fef04d8ba936b156d419be841854fe901d8ae224c59f0be5", "b2051432115498d3562c084a49bba65d97cf251f5a331c64a12ee7e04dacc51b", "ba59edeaa2fc6114428f1637ffff42da1e311e29382d81b339c1817d37ec93c6", "c8716a48d94b06bb3b2524c2b77e055fb313aeb4ea620c8dd03a105574ba704f", "cd5df75523866410809ca100dc9681e301e3c27567cf498077e8551b6d20e42f", "e249096428b3ae81b08327a63a485ad0878de3fb939049038579ac0ef61e17e7"]
mccabe = ["ab8a6258860da4b6677da4bd2fe5dc2c659cff31b3ee4f7f5d64e79735b80d42", "dd8d182285a0fe56bace7f45b5e7d1a6ebcbf524e8f3bd87eb0f125271b8831f"]
mock = ["83657d894c90d5681d62155c82bda9c1187827525880eda8ff5df4ec813437c3", "d157e52d4e5b938c550f39eb2fd15610db062441a9c2747d3dbfa9298211d0f8"]
more-itertools = ["53ff73f186307d9c8ef17a9600309154a6ae27f25579e80af4db8f047ba14bc2", "a0ea684c39bc4315ba7aae406596ef191fd84f873d2d2751f84d64e81a7a2d45"]
numpy = ["0a7a1dd123aecc9f0076934288ceed7fd9a81ba3919f11a855a7887cbe82a02f", "0c0763787133dfeec19904c22c7e358b231c87ba3206b211652f8cbe1241deb6", "3d52298d0be333583739f1aec9026f3b09fdfe3ddf7c7028cb16d9d2af1cca7e", "43bb4b70585f1c2d153e45323a886839f98af8bfa810f7014b20be714c37c447", "475963c5b9e116c38ad7347e154e5651d05a2286d86455671f5b1eebba5feb76", "64874913367f18eb3013b16123c9fed113962e75d809fca5b78ebfbb73ed93ba", "683828e50c339fc9e68720396f2de14253992c495fdddef77a1e17de55f1decc", "6ca4000c4a6f95a78c33c7dadbb9495c10880be9c89316aa536eac359ab820ae", "75fd817b7061f6378e4659dd792c84c0b60533e867f83e0d1e52d5d8e53df88c", "7d81d784bdbed30137aca242ab307f3e65c8d93f4c7b7d8f322110b2e90177f9", "8d0af8d3664f142414fd5b15cabfd3b6cc3ef242a3c7a7493257025be5a6955f", "9679831005fb16c6df3dd35d17aa31dc0d4d7573d84f0b44cc481490a65c7725", "a8f67ebfae9f575d85fa859b54d3bdecaeece74e3274b0b5c5f804d7ca789fe1", "acbf5c52db4adb366c064d0b7c7899e3e778d89db585feadd23b06b587d64761", "ada4805ed51f5bcaa3a06d3dd94939351869c095e30a2b54264f5a5004b52170", "c7354e8f0eca5c110b7e978034cd86ed98a7a5ffcf69ca97535445a595e07b8e", "e2e9d8c87120ba2c591f60e32736b82b67f72c37ba88a4c23c81b5b8fa49c018", "e467c57121fe1b78a8f68dd9255fbb3bb3f4f7547c6b9e109f31d14569f490c3", "ede47b98de79565fcd7f2decb475e2dcc85ee4097743e551fe26cfc7eb3ff143", "f58913e9227400f1395c7b800503ebfdb0772f1c33ff8cb4d6451c06cabdf316", "fe39f5fd4103ec4ca3cb8600b19216cd1ff316b4990f4c0b6057ad982c0a34d5"]
pluggy = ["15b2acde666561e1298d71b523007ed7364de07029219b604cf808bfa1c765b0", "966c145cd83c96502c3c3868f50408687b38434af77734af1e9ca461a4081d2d"]
progressbar = ["5d81cb529da2e223b53962afd6c8ca0f05c6670e40309a7219eacc36af9b6c63"]
protobuf = ["0265379852b9e1f76af6d3d3fe4b3c383a595cc937594bda8565cf69a96baabd", "200b77e51f17fbc1d3049045f5835f60405dec3a00fe876b9b986592e46d908c", "29bd1ed46b2536ad8959401a2f02d2d7b5a309f8e97518e4f92ca6c5ba74dbed", "3175d45698edb9a07c1a78a1a4850e674ce8988f20596580158b1d0921d0f057", "34a7270940f86da7a28be466ac541c89b6dbf144a6348b9cf7ac6f56b71006ce", "38cbc830a4a5ba9956763b0f37090bfd14dd74e72762be6225de2ceac55f4d03", "665194f5ad386511ac8d8a0bd57b9ab37b8dd2cd71969458777318e774b9cd46", "839bad7d115c77cdff29b488fae6a3ab503ce9a4192bd4c42302a6ea8e5d0f33", "934a9869a7f3b0d84eca460e386fba1f7ba2a0c1a120a2648bc41fadf50efd1c", "aecdf12ef6dc7fd91713a6da93a86c2f2a8fe54840a3b1670853a2b7402e77c9", "c4e90bc27c0691c76e09b5dc506133451e52caee1472b8b3c741b7c912ce43ef", "c65d135ea2d85d40309e268106dab02d3bea723db2db21c23ecad4163ced210b", "c98dea04a1ff41a70aff2489610f280004831798cb36a068013eed04c698903d", "d9049aa194378a426f0b2c784e2054565bf6f754d20fcafdee7102a6250556e8", "e028fee51c96de4e81924484c77111dfdea14010ecfc906ea5b252209b0c4de6", "e84ad26fb50091b1ea676403c0dd2bd47663099454aa6d88000b1dafecab0941", "e88a924b591b06d0191620e9c8aa75297b3111066bb09d49a24bae1054a10c13"]
py = ["64f65755aee5b381cea27766a3a147c3f15b9b6b9ac88676de66ba2ae36793fa", "dc639b046a6e2cff5bbe40194ad65936d6ba360b52b3c3fe1d08a82dd50b5e53"]
pycodestyle = ["95a2219d12372f05704562a14ec30bc76b05a5b297b21a5dfe3f6fac3491ae56", "e40a936c9a450ad81df37f549d676d127b1b66000a6c500caa2b085bc0ca976c"]
pycparser = ["a988718abfad80b6b157acce7bf130a30876d27603738ac39f140993246b25b3"]
pylint = ["3db5468ad013380e987410a8d6956226963aed94ecb5f9d3a28acca6d9ac36cd", "886e6afc935ea2590b462664b161ca9a5e40168ea99e5300935f6591ad467df4"]
pytest = ["3f193df1cfe1d1609d4c583838bea3d532b18d6160fd3f55c9447fdca30848ec", "e246cf173c01169b9617fc07264b7b1316e78d7a650055235d6d897bc80d9660"]
scipy = ["0b8c9dc042b9a47912b18b036b4844029384a5b8d89b64a4901ac3e06876e5f6", "18ad034be955df046b5a27924cdb3db0e8e1d76aaa22c635403fe7aee17f1482", "225d0b5e140bb66df23d438c7b535303ce8e533f94454f4e5bde5f8d109103ea", "2f690ba68ed7caa7c30b6dc48c1deed22c78f3840fa4736083ef4f2bd8baa19e", "4b8746f4a755bdb2eeb39d6e253a60481e165cfd74fdfb54d27394bd2c9ec8ac", "4ba2ce1a58fe117e993cf316a149cf9926c7c5000c0cdc4bc7c56ae8325612f6", "546f0dc020b155b8711159d53c87b36591d31f3327c47974a4fb6b50d91589c2", "583f2ccd6a112656c9feb2345761d2b19e9213a094cfced4e7d2c1cae4173272", "64bf4e8ae0db2d42b58477817f648d81e77f0b381d0ea4427385bba3f959380a", "7be424ee09bed7ced36c9457f99c826ce199fd0c0f5b272cf3d098ff7b29e3ae", "869465c7ff89fc0a1e2ea1642b0c65f1b3c05030f3a4c0d53d6a57b2dba7c242", "884e619821f47eccd42979488d10fa1e15dbe9f3b7660b1c8c928d203bd3c1a3", "a42b0d02150ef4747e225c31c976a304de5dc8202ec35a27111b7bb8176e5f13", "a70308bb065562afb936c963780deab359966d71ab4f230368b154dde3136ea4", "b01ea5e4cf95a93dc335089f8fbe97852f56fdb74afff238cbdf09793103b6b7", "b7b8cf45f9a48f23084f19deb9384a1cccb5e92fbc879b12f97dc4d56fb2eb92", "bb0899d3f8b9fe8ef95b79210cf0deb6709542889fadaa438eeb3a28001e09e7", "c008f1b58f99f1d1cc546957b3effe448365e0a217df1f1894e358906e91edad", "cfee99d085d562a7e3c4afe51ac1fe9b434363489e565a130459307f30077973", "dfcb0f0a2d8e958611e0b56536285bb435f03746b6feac0e29f045f7c6caf164", "f5d47351aeb1cb6bda14a8908e56648926a6b2d714f89717c71f7ada41282141"]
six = ["1f1b7d42e254082a9db6279deae68afb421ceba6158efa6131de7b3003ee93fd", "30f610279e8b2578cab6db20741130331735c781b56053c59c4076da27f06b66"]
tensorboard = ["50e0b1bdcd488dbe39fd9416976e089b2ff4df18d9f1fab47abf4c498209c3fc", "c35ba681a52d4922be6b225623cf77285033e7e4e68bac5c1d5490e47d129bb2"]
tensorflow = ["0a3784c6ab223b85a87ba6b752d2e6dc97b9345c078172d9b0bb90f3e448a320", "0a95ab659de39748c418f342fd09bc444a21a7d66f4501593cf7ff6de3c603b1", "2fc989a5d3be9f3dc96c20deaa3d5cc66d2bf76fe069c202c2914a7f4b5a9a35", "4008a56940d23345e52ac4885fb4782604eb02574c2d95f3946f5b6baf0e1276", "4643fcb6aa7bf9261620efe332f821ccdb63422ed5df33479e3c9592659cd64e", "46fc216db780b1a7b7a28cf6536d6ec0a171ef2fa546a24934ffe077c734c891", "5a9555eee142324a1cc3d6a5a9c0c8154ded8d013bf18cb459bc375e5d365191", "5ce034dba1db7cd829af2bf092c48dce96bb3da3e89223d7cb50f3eac2ddc19f", "7dfefd6fc79fed477c2c550cb79f766fb40533e907e4efbfabc81339b45551a4", "a3851118d2cc5e9e697503753c2d247dca0e98d5a85b5ea091103f27d9e57a38", "a4f154fa98cde5974117e05af444e0bed84cf431b8129c78a2de03a1ff7201c9", "c77888375ef02a5e7e55f81572db1bfa41e6f6597ae297e7bdafb22bf633f79e", "d982a6fef251ec1358129213385ec027f87ee72246dffe1136ca6109def209f7", "e20b5d81b07798db5054802405758fb685367772f1d602d359ba60baa34b6b46", "e84f2c8c7f23ad546076b1e73cec85706da19910b9a89c29cba3b64e297b2eb0"]
tensorflow-estimator = ["ca073f66063407a091d610ec1b22e39ea30248710198cc6f13769320bdbe3992"]
termcolor = ["1d6d69ce66211143803fbc56652b41d73b4a400a2891d7bf7a1cdf4c02de613b"]
typed-ast = ["18511a0b3e7922276346bcb47e2ef9f38fb90fd31cb9223eed42c85d1312344e", "262c247a82d005e43b5b7f69aff746370538e176131c32dda9cb0f324d27141e", "2b907eb046d049bcd9892e3076c7a6456c93a25bebfe554e931620c90e6a25b0", "354c16e5babd09f5cb0ee000d54cfa38401d8b8891eefa878ac772f827181a3c", "4e0b70c6fc4d010f8107726af5fd37921b666f5b31d9331f0bd24ad9a088e631", "630968c5cdee51a11c05a30453f8cd65e0cc1d2ad0d9192819df9978984529f4", "66480f95b8167c9c5c5c87f32cf437d585937970f3fc24386f313a4c97b44e34", "71211d26ffd12d63a83e079ff258ac9d56a1376a25bc80b1cdcdf601b855b90b", "95bd11af7eafc16e829af2d3df510cecfd4387f6453355188342c3e79a2ec87a", "bc6c7d3fa1325a0c6613512a093bc2a2a15aeec350451cbdf9e1d4bffe3e3233", "cc34a6f5b426748a507dd5d1de4c1978f2eb5626d51326e43280941206c209e1", "d755f03c1e4a51e9b24d899561fec4ccaf51f210d52abdf8c07ee2849b212a36", "d7c45933b1bdfaf9f36c579671fec15d25b06c8398f113dab64c18ed1adda01d", "d896919306dd0aa22d0132f62a1b78d11aaf4c9fc5b3410d3c666b818191630a", "ffde2fbfad571af120fcbfbbc61c72469e72f550d676c3342492a9dfdefb8f12"]
werkzeug = ["7280924747b5733b246fe23972186c6b348f9ae29724135a6dfc1e53cea433e7", "e5f4a1f98b52b18a93da705a7458e55afb26f32bff83ff5d19189f92462d65c4"]
wheel = ["10c9da68765315ed98850f8e048347c3eb06dd81822dc2ab1d4fde9dc9702646", "f4da1763d3becf2e2cd92a14a7c920f0f00eca30fdde9ea992c836685b9faf28"]
wrapt = ["565a021fd19419476b9362b05eeaa094178de64f8361e44468f9e9d7843901e1"]
zipp = ["3718b1cbcd963c7d4c5511a8240812904164b7f381b647143a89d3b98f9bcd8e", "f06903e9f1f43b12d371004b4ac7b06ab39a44adc747266928ae6debfa7b3335"]
